// !$*UTF8*$!
{
	archiveVersion = 1;
	classes = {
	};
	objectVersion = 56;
	objects = {

/* Begin PBXBuildFile section */
		65522BF02980DB5600CC898F /* ServiceXchangeApp.swift in Sources */ = {isa = PBXBuildFile; fileRef = 65522BEF2980DB5600CC898F /* ServiceXchangeApp.swift */; };
		65522BF42980DB5800CC898F /* Assets.xcassets in Resources */ = {isa = PBXBuildFile; fileRef = 65522BF32980DB5800CC898F /* Assets.xcassets */; };
		65522BF72980DB5800CC898F /* Preview Assets.xcassets in Resources */ = {isa = PBXBuildFile; fileRef = 65522BF62980DB5800CC898F /* Preview Assets.xcassets */; };
		65522BFE2980DBBF00CC898F /* GoogleService-Info.plist in Resources */ = {isa = PBXBuildFile; fileRef = 65522BFD2980DBBF00CC898F /* GoogleService-Info.plist */; };
		65522C012980DD3800CC898F /* FirebaseAnalytics in Frameworks */ = {isa = PBXBuildFile; productRef = 65522C002980DD3800CC898F /* FirebaseAnalytics */; };
		65522C032980DD3800CC898F /* FirebaseAuth in Frameworks */ = {isa = PBXBuildFile; productRef = 65522C022980DD3800CC898F /* FirebaseAuth */; };
		65522C052980DD3800CC898F /* FirebaseDynamicLinks in Frameworks */ = {isa = PBXBuildFile; productRef = 65522C042980DD3800CC898F /* FirebaseDynamicLinks */; };
		65522C072980DD3800CC898F /* FirebaseFirestore in Frameworks */ = {isa = PBXBuildFile; productRef = 65522C062980DD3800CC898F /* FirebaseFirestore */; };
		65522C092980DD3800CC898F /* FirebaseFirestoreSwift in Frameworks */ = {isa = PBXBuildFile; productRef = 65522C082980DD3800CC898F /* FirebaseFirestoreSwift */; };
		65522C0B2980DD3800CC898F /* FirebaseMessaging in Frameworks */ = {isa = PBXBuildFile; productRef = 65522C0A2980DD3800CC898F /* FirebaseMessaging */; };
		658D1CBE298854250026DC5B /* Ref.swift in Sources */ = {isa = PBXBuildFile; fileRef = 658D1CBD298854250026DC5B /* Ref.swift */; };
		658D1CC1298855050026DC5B /* User.swift in Sources */ = {isa = PBXBuildFile; fileRef = 658D1CC0298855050026DC5B /* User.swift */; };
		658D1CC4298857550026DC5B /* Extensions.swift in Sources */ = {isa = PBXBuildFile; fileRef = 658D1CC3298857550026DC5B /* Extensions.swift */; };
		658D1CC629885E2B0026DC5B /* SessionStore.swift in Sources */ = {isa = PBXBuildFile; fileRef = 658D1CC529885E2B0026DC5B /* SessionStore.swift */; };
		658D1CC8298893B30026DC5B /* ContentView.swift in Sources */ = {isa = PBXBuildFile; fileRef = 658D1CC7298893B30026DC5B /* ContentView.swift */; };
		659462DD298A17AF0093A71D /* ImagePicker.swift in Sources */ = {isa = PBXBuildFile; fileRef = 659462DC298A17AF0093A71D /* ImagePicker.swift */; };
		65C3EB952981DB7800766659 /* HomeView.swift in Sources */ = {isa = PBXBuildFile; fileRef = 65C3EB942981DB7800766659 /* HomeView.swift */; };
		65C3EB972981DB9500766659 /* MapView.swift in Sources */ = {isa = PBXBuildFile; fileRef = 65C3EB962981DB9500766659 /* MapView.swift */; };
		65C3EB992981DBA100766659 /* CreateListingView.swift in Sources */ = {isa = PBXBuildFile; fileRef = 65C3EB982981DBA100766659 /* CreateListingView.swift */; };
		65C3EB9C2981DBDE00766659 /* LoginView.swift in Sources */ = {isa = PBXBuildFile; fileRef = 65C3EB9B2981DBDE00766659 /* LoginView.swift */; };
		65C3EB9E2981DC4500766659 /* ProfileView.swift in Sources */ = {isa = PBXBuildFile; fileRef = 65C3EB9D2981DC4500766659 /* ProfileView.swift */; };
		65C3EBA02981DC4F00766659 /* MessagesView.swift in Sources */ = {isa = PBXBuildFile; fileRef = 65C3EB9F2981DC4F00766659 /* MessagesView.swift */; };
		65C3EBA62981F69400766659 /* TabView.swift in Sources */ = {isa = PBXBuildFile; fileRef = 65C3EBA52981F69400766659 /* TabView.swift */; };
		65E992722989E67900C3C5BA /* Listing.swift in Sources */ = {isa = PBXBuildFile; fileRef = 65E992712989E67900C3C5BA /* Listing.swift */; };
		65E992762989F5AC00C3C5BA /* ListingViewModel.swift in Sources */ = {isa = PBXBuildFile; fileRef = 65E992752989F5AC00C3C5BA /* ListingViewModel.swift */; };
		65F932E32991B15C00A63F37 /* ShimmerPlaceholderView.swift in Sources */ = {isa = PBXBuildFile; fileRef = 65F932E22991B15C00A63F37 /* ShimmerPlaceholderView.swift */; };
		65F932E62991B4E100A63F37 /* Kingfisher in Frameworks */ = {isa = PBXBuildFile; productRef = 65F932E52991B4E100A63F37 /* Kingfisher */; };
		65FE2B46298749220077F505 /* ImageMorphing in Frameworks */ = {isa = PBXBuildFile; productRef = 65FE2B45298749220077F505 /* ImageMorphing */; };
		65FE2B4929874C140077F505 /* UIComponents.swift in Sources */ = {isa = PBXBuildFile; fileRef = 65FE2B4829874C140077F505 /* UIComponents.swift */; };
		65FE2B4C29874C6C0077F505 /* LoginViewModel.swift in Sources */ = {isa = PBXBuildFile; fileRef = 65FE2B4B29874C6C0077F505 /* LoginViewModel.swift */; };
		9CF3A2742994318F006E3E5D /* UserViewModel.swift in Sources */ = {isa = PBXBuildFile; fileRef = 9CF3A2732994318F006E3E5D /* UserViewModel.swift */; };
		DF96D063298C22C4009C80BB /* FirebaseStorage in Frameworks */ = {isa = PBXBuildFile; productRef = DF96D062298C22C4009C80BB /* FirebaseStorage */; };
/* End PBXBuildFile section */

/* Begin PBXFileReference section */
		651E5494298B6D93009AEEFD /* Info.plist */ = {isa = PBXFileReference; lastKnownFileType = text.plist; path = Info.plist; sourceTree = "<group>"; };
		65522BEC2980DB5600CC898F /* ServiceXchange.app */ = {isa = PBXFileReference; explicitFileType = wrapper.application; includeInIndex = 0; path = ServiceXchange.app; sourceTree = BUILT_PRODUCTS_DIR; };
		65522BEF2980DB5600CC898F /* ServiceXchangeApp.swift */ = {isa = PBXFileReference; lastKnownFileType = sourcecode.swift; path = ServiceXchangeApp.swift; sourceTree = "<group>"; };
		65522BF32980DB5800CC898F /* Assets.xcassets */ = {isa = PBXFileReference; lastKnownFileType = folder.assetcatalog; path = Assets.xcassets; sourceTree = "<group>"; };
		65522BF62980DB5800CC898F /* Preview Assets.xcassets */ = {isa = PBXFileReference; lastKnownFileType = folder.assetcatalog; path = "Preview Assets.xcassets"; sourceTree = "<group>"; };
		65522BFD2980DBBF00CC898F /* GoogleService-Info.plist */ = {isa = PBXFileReference; lastKnownFileType = text.plist; path = "GoogleService-Info.plist"; sourceTree = SOURCE_ROOT; };
		658D1CBD298854250026DC5B /* Ref.swift */ = {isa = PBXFileReference; lastKnownFileType = sourcecode.swift; path = Ref.swift; sourceTree = "<group>"; };
		658D1CC0298855050026DC5B /* User.swift */ = {isa = PBXFileReference; lastKnownFileType = sourcecode.swift; path = User.swift; sourceTree = "<group>"; };
		658D1CC3298857550026DC5B /* Extensions.swift */ = {isa = PBXFileReference; lastKnownFileType = sourcecode.swift; path = Extensions.swift; sourceTree = "<group>"; };
		658D1CC529885E2B0026DC5B /* SessionStore.swift */ = {isa = PBXFileReference; lastKnownFileType = sourcecode.swift; path = SessionStore.swift; sourceTree = "<group>"; };
		658D1CC7298893B30026DC5B /* ContentView.swift */ = {isa = PBXFileReference; lastKnownFileType = sourcecode.swift; path = ContentView.swift; sourceTree = "<group>"; };
		659462DC298A17AF0093A71D /* ImagePicker.swift */ = {isa = PBXFileReference; lastKnownFileType = sourcecode.swift; path = ImagePicker.swift; sourceTree = "<group>"; };
		65C3EB942981DB7800766659 /* HomeView.swift */ = {isa = PBXFileReference; lastKnownFileType = sourcecode.swift; path = HomeView.swift; sourceTree = "<group>"; };
		65C3EB962981DB9500766659 /* MapView.swift */ = {isa = PBXFileReference; lastKnownFileType = sourcecode.swift; path = MapView.swift; sourceTree = "<group>"; };
		65C3EB982981DBA100766659 /* CreateListingView.swift */ = {isa = PBXFileReference; lastKnownFileType = sourcecode.swift; path = CreateListingView.swift; sourceTree = "<group>"; };
		65C3EB9B2981DBDE00766659 /* LoginView.swift */ = {isa = PBXFileReference; lastKnownFileType = sourcecode.swift; path = LoginView.swift; sourceTree = "<group>"; };
		65C3EB9D2981DC4500766659 /* ProfileView.swift */ = {isa = PBXFileReference; lastKnownFileType = sourcecode.swift; path = ProfileView.swift; sourceTree = "<group>"; };
		65C3EB9F2981DC4F00766659 /* MessagesView.swift */ = {isa = PBXFileReference; lastKnownFileType = sourcecode.swift; path = MessagesView.swift; sourceTree = "<group>"; };
		65C3EBA52981F69400766659 /* TabView.swift */ = {isa = PBXFileReference; lastKnownFileType = sourcecode.swift; path = TabView.swift; sourceTree = "<group>"; };
		65E992712989E67900C3C5BA /* Listing.swift */ = {isa = PBXFileReference; lastKnownFileType = sourcecode.swift; path = Listing.swift; sourceTree = "<group>"; };
		65E992752989F5AC00C3C5BA /* ListingViewModel.swift */ = {isa = PBXFileReference; lastKnownFileType = sourcecode.swift; path = ListingViewModel.swift; sourceTree = "<group>"; };
		65F932E22991B15C00A63F37 /* ShimmerPlaceholderView.swift */ = {isa = PBXFileReference; lastKnownFileType = sourcecode.swift; path = ShimmerPlaceholderView.swift; sourceTree = "<group>"; };
		65FE2B4829874C140077F505 /* UIComponents.swift */ = {isa = PBXFileReference; lastKnownFileType = sourcecode.swift; path = UIComponents.swift; sourceTree = "<group>"; };
		65FE2B4B29874C6C0077F505 /* LoginViewModel.swift */ = {isa = PBXFileReference; lastKnownFileType = sourcecode.swift; path = LoginViewModel.swift; sourceTree = "<group>"; };
		9CF3A2732994318F006E3E5D /* UserViewModel.swift */ = {isa = PBXFileReference; lastKnownFileType = sourcecode.swift; path = UserViewModel.swift; sourceTree = "<group>"; };
/* End PBXFileReference section */

/* Begin PBXFrameworksBuildPhase section */
		65522BE92980DB5600CC898F /* Frameworks */ = {
			isa = PBXFrameworksBuildPhase;
			buildActionMask = 2147483647;
			files = (
				65522C0B2980DD3800CC898F /* FirebaseMessaging in Frameworks */,
				65FE2B46298749220077F505 /* ImageMorphing in Frameworks */,
				65522C092980DD3800CC898F /* FirebaseFirestoreSwift in Frameworks */,
				65F932E62991B4E100A63F37 /* Kingfisher in Frameworks */,
				65522C012980DD3800CC898F /* FirebaseAnalytics in Frameworks */,
				65522C072980DD3800CC898F /* FirebaseFirestore in Frameworks */,
				DF96D063298C22C4009C80BB /* FirebaseStorage in Frameworks */,
				65522C032980DD3800CC898F /* FirebaseAuth in Frameworks */,
				65522C052980DD3800CC898F /* FirebaseDynamicLinks in Frameworks */,
			);
			runOnlyForDeploymentPostprocessing = 0;
		};
/* End PBXFrameworksBuildPhase section */

/* Begin PBXGroup section */
		6527E2C5298E31ED0085FA05 /* Main */ = {
			isa = PBXGroup;
			children = (
				658D1CC7298893B30026DC5B /* ContentView.swift */,
				65C3EBA52981F69400766659 /* TabView.swift */,
			);
			path = Main;
			sourceTree = "<group>";
		};
		65522BE32980DB5600CC898F = {
			isa = PBXGroup;
			children = (
				65522BEE2980DB5600CC898F /* ServiceXchange */,
				65522BED2980DB5600CC898F /* Products */,
				DF96D061298C22C4009C80BB /* Frameworks */,
			);
			sourceTree = "<group>";
		};
		65522BED2980DB5600CC898F /* Products */ = {
			isa = PBXGroup;
			children = (
				65522BEC2980DB5600CC898F /* ServiceXchange.app */,
			);
			name = Products;
			sourceTree = "<group>";
		};
		65522BEE2980DB5600CC898F /* ServiceXchange */ = {
			isa = PBXGroup;
			children = (
				651E5494298B6D93009AEEFD /* Info.plist */,
				65522BEF2980DB5600CC898F /* ServiceXchangeApp.swift */,
				65C3EB8D2981DAF500766659 /* ViewControllers */,
				65FE2B4A29874C5F0077F505 /* ViewModels */,
				658D1CBF298854CD0026DC5B /* Models */,
				658D1CC22988573D0026DC5B /* Extras */,
				65522BF32980DB5800CC898F /* Assets.xcassets */,
				65522BFD2980DBBF00CC898F /* GoogleService-Info.plist */,
				65522BF52980DB5800CC898F /* Preview Content */,
			);
			path = ServiceXchange;
			sourceTree = "<group>";
		};
		65522BF52980DB5800CC898F /* Preview Content */ = {
			isa = PBXGroup;
			children = (
				65522BF62980DB5800CC898F /* Preview Assets.xcassets */,
			);
			path = "Preview Content";
			sourceTree = "<group>";
		};
		658D1CBF298854CD0026DC5B /* Models */ = {
			isa = PBXGroup;
			children = (
				658D1CC0298855050026DC5B /* User.swift */,
				65E992712989E67900C3C5BA /* Listing.swift */,
				659462DC298A17AF0093A71D /* ImagePicker.swift */,
			);
			path = Models;
			sourceTree = "<group>";
		};
		658D1CC22988573D0026DC5B /* Extras */ = {
			isa = PBXGroup;
			children = (
				658D1CC3298857550026DC5B /* Extensions.swift */,
				658D1CC529885E2B0026DC5B /* SessionStore.swift */,
				658D1CBD298854250026DC5B /* Ref.swift */,
			);
			path = Extras;
			sourceTree = "<group>";
		};
		65C3EB8C2981DAEB00766659 /* Home */ = {
			isa = PBXGroup;
			children = (
				65C3EB942981DB7800766659 /* HomeView.swift */,
			);
			path = Home;
			sourceTree = "<group>";
		};
		65C3EB8D2981DAF500766659 /* ViewControllers */ = {
			isa = PBXGroup;
			children = (
				6527E2C5298E31ED0085FA05 /* Main */,
				65C3EB9A2981DBCE00766659 /* Login */,
				65C3EB8C2981DAEB00766659 /* Home */,
				65C3EB8E2981DAFE00766659 /* Map */,
				65C3EB902981DB0D00766659 /* Message */,
				65C3EB8F2981DB0400766659 /* Post */,
				65C3EB912981DB1500766659 /* Profile */,
				65FE2B4729874C070077F505 /* Components */,
			);
			path = ViewControllers;
			sourceTree = "<group>";
		};
		65C3EB8E2981DAFE00766659 /* Map */ = {
			isa = PBXGroup;
			children = (
				65C3EB962981DB9500766659 /* MapView.swift */,
			);
			path = Map;
			sourceTree = "<group>";
		};
		65C3EB8F2981DB0400766659 /* Post */ = {
			isa = PBXGroup;
			children = (
				65C3EB982981DBA100766659 /* CreateListingView.swift */,
			);
			path = Post;
			sourceTree = "<group>";
		};
		65C3EB902981DB0D00766659 /* Message */ = {
			isa = PBXGroup;
			children = (
				65C3EB9F2981DC4F00766659 /* MessagesView.swift */,
			);
			path = Message;
			sourceTree = "<group>";
		};
		65C3EB912981DB1500766659 /* Profile */ = {
			isa = PBXGroup;
			children = (
				65C3EB9D2981DC4500766659 /* ProfileView.swift */,
			);
			path = Profile;
			sourceTree = "<group>";
		};
		65C3EB9A2981DBCE00766659 /* Login */ = {
			isa = PBXGroup;
			children = (
				65C3EB9B2981DBDE00766659 /* LoginView.swift */,
			);
			path = Login;
			sourceTree = "<group>";
		};
		65FE2B4729874C070077F505 /* Components */ = {
			isa = PBXGroup;
			children = (
				65FE2B4829874C140077F505 /* UIComponents.swift */,
				65F932E22991B15C00A63F37 /* ShimmerPlaceholderView.swift */,
			);
			path = Components;
			sourceTree = "<group>";
		};
		65FE2B4A29874C5F0077F505 /* ViewModels */ = {
			isa = PBXGroup;
			children = (
				65FE2B4B29874C6C0077F505 /* LoginViewModel.swift */,
				65E992752989F5AC00C3C5BA /* ListingViewModel.swift */,
				9CF3A2732994318F006E3E5D /* UserViewModel.swift */,
			);
			path = ViewModels;
			sourceTree = "<group>";
		};
		DF96D061298C22C4009C80BB /* Frameworks */ = {
			isa = PBXGroup;
			children = (
			);
			name = Frameworks;
			sourceTree = "<group>";
		};
/* End PBXGroup section */

/* Begin PBXNativeTarget section */
		65522BEB2980DB5600CC898F /* ServiceXchange */ = {
			isa = PBXNativeTarget;
			buildConfigurationList = 65522BFA2980DB5800CC898F /* Build configuration list for PBXNativeTarget "ServiceXchange" */;
			buildPhases = (
				65522BE82980DB5600CC898F /* Sources */,
				65522BE92980DB5600CC898F /* Frameworks */,
				65522BEA2980DB5600CC898F /* Resources */,
			);
			buildRules = (
			);
			dependencies = (
			);
			name = ServiceXchange;
			packageProductDependencies = (
				65522C002980DD3800CC898F /* FirebaseAnalytics */,
				65522C022980DD3800CC898F /* FirebaseAuth */,
				65522C042980DD3800CC898F /* FirebaseDynamicLinks */,
				65522C062980DD3800CC898F /* FirebaseFirestore */,
				65522C082980DD3800CC898F /* FirebaseFirestoreSwift */,
				65522C0A2980DD3800CC898F /* FirebaseMessaging */,
				65FE2B45298749220077F505 /* ImageMorphing */,
				DF96D062298C22C4009C80BB /* FirebaseStorage */,
				65F932E52991B4E100A63F37 /* Kingfisher */,
			);
			productName = ServiceXchange;
			productReference = 65522BEC2980DB5600CC898F /* ServiceXchange.app */;
			productType = "com.apple.product-type.application";
		};
/* End PBXNativeTarget section */

/* Begin PBXProject section */
		65522BE42980DB5600CC898F /* Project object */ = {
			isa = PBXProject;
			attributes = {
				BuildIndependentTargetsInParallel = 1;
				LastSwiftUpdateCheck = 1420;
				LastUpgradeCheck = 1420;
				TargetAttributes = {
					65522BEB2980DB5600CC898F = {
						CreatedOnToolsVersion = 14.2;
					};
				};
			};
			buildConfigurationList = 65522BE72980DB5600CC898F /* Build configuration list for PBXProject "ServiceXchange" */;
			compatibilityVersion = "Xcode 14.0";
			developmentRegion = en;
			hasScannedForEncodings = 0;
			knownRegions = (
				en,
				Base,
			);
			mainGroup = 65522BE32980DB5600CC898F;
			packageReferences = (
				65522BFF2980DD3800CC898F /* XCRemoteSwiftPackageReference "firebase-ios-sdk" */,
				65FE2B44298749220077F505 /* XCRemoteSwiftPackageReference "ImageMorphing" */,
				65F932E42991B4E000A63F37 /* XCRemoteSwiftPackageReference "Kingfisher" */,
			);
			productRefGroup = 65522BED2980DB5600CC898F /* Products */;
			projectDirPath = "";
			projectRoot = "";
			targets = (
				65522BEB2980DB5600CC898F /* ServiceXchange */,
			);
		};
/* End PBXProject section */

/* Begin PBXResourcesBuildPhase section */
		65522BEA2980DB5600CC898F /* Resources */ = {
			isa = PBXResourcesBuildPhase;
			buildActionMask = 2147483647;
			files = (
				65522BF72980DB5800CC898F /* Preview Assets.xcassets in Resources */,
				65522BF42980DB5800CC898F /* Assets.xcassets in Resources */,
				65522BFE2980DBBF00CC898F /* GoogleService-Info.plist in Resources */,
			);
			runOnlyForDeploymentPostprocessing = 0;
		};
/* End PBXResourcesBuildPhase section */

/* Begin PBXSourcesBuildPhase section */
		65522BE82980DB5600CC898F /* Sources */ = {
			isa = PBXSourcesBuildPhase;
			buildActionMask = 2147483647;
			files = (
				65FE2B4929874C140077F505 /* UIComponents.swift in Sources */,
				65C3EB952981DB7800766659 /* HomeView.swift in Sources */,
				65E992722989E67900C3C5BA /* Listing.swift in Sources */,
				659462DD298A17AF0093A71D /* ImagePicker.swift in Sources */,
				65C3EB9C2981DBDE00766659 /* LoginView.swift in Sources */,
				65C3EBA62981F69400766659 /* TabView.swift in Sources */,
				65F932E32991B15C00A63F37 /* ShimmerPlaceholderView.swift in Sources */,
				658D1CBE298854250026DC5B /* Ref.swift in Sources */,
				65E992762989F5AC00C3C5BA /* ListingViewModel.swift in Sources */,
				65C3EB972981DB9500766659 /* MapView.swift in Sources */,
				65C3EB992981DBA100766659 /* CreateListingView.swift in Sources */,
				65FE2B4C29874C6C0077F505 /* LoginViewModel.swift in Sources */,
				658D1CC629885E2B0026DC5B /* SessionStore.swift in Sources */,
				9CF3A2742994318F006E3E5D /* UserViewModel.swift in Sources */,
				658D1CC4298857550026DC5B /* Extensions.swift in Sources */,
				658D1CC1298855050026DC5B /* User.swift in Sources */,
				658D1CC8298893B30026DC5B /* ContentView.swift in Sources */,
				65C3EBA02981DC4F00766659 /* MessagesView.swift in Sources */,
				65C3EB9E2981DC4500766659 /* ProfileView.swift in Sources */,
				65522BF02980DB5600CC898F /* ServiceXchangeApp.swift in Sources */,
			);
			runOnlyForDeploymentPostprocessing = 0;
		};
/* End PBXSourcesBuildPhase section */

/* Begin XCBuildConfiguration section */
		65522BF82980DB5800CC898F /* Debug */ = {
			isa = XCBuildConfiguration;
			buildSettings = {
				ALWAYS_SEARCH_USER_PATHS = NO;
				CLANG_ANALYZER_NONNULL = YES;
				CLANG_ANALYZER_NUMBER_OBJECT_CONVERSION = YES_AGGRESSIVE;
				CLANG_CXX_LANGUAGE_STANDARD = "gnu++20";
				CLANG_ENABLE_MODULES = YES;
				CLANG_ENABLE_OBJC_ARC = YES;
				CLANG_ENABLE_OBJC_WEAK = YES;
				CLANG_WARN_BLOCK_CAPTURE_AUTORELEASING = YES;
				CLANG_WARN_BOOL_CONVERSION = YES;
				CLANG_WARN_COMMA = YES;
				CLANG_WARN_CONSTANT_CONVERSION = YES;
				CLANG_WARN_DEPRECATED_OBJC_IMPLEMENTATIONS = YES;
				CLANG_WARN_DIRECT_OBJC_ISA_USAGE = YES_ERROR;
				CLANG_WARN_DOCUMENTATION_COMMENTS = YES;
				CLANG_WARN_EMPTY_BODY = YES;
				CLANG_WARN_ENUM_CONVERSION = YES;
				CLANG_WARN_INFINITE_RECURSION = YES;
				CLANG_WARN_INT_CONVERSION = YES;
				CLANG_WARN_NON_LITERAL_NULL_CONVERSION = YES;
				CLANG_WARN_OBJC_IMPLICIT_RETAIN_SELF = YES;
				CLANG_WARN_OBJC_LITERAL_CONVERSION = YES;
				CLANG_WARN_OBJC_ROOT_CLASS = YES_ERROR;
				CLANG_WARN_QUOTED_INCLUDE_IN_FRAMEWORK_HEADER = YES;
				CLANG_WARN_RANGE_LOOP_ANALYSIS = YES;
				CLANG_WARN_STRICT_PROTOTYPES = YES;
				CLANG_WARN_SUSPICIOUS_MOVE = YES;
				CLANG_WARN_UNGUARDED_AVAILABILITY = YES_AGGRESSIVE;
				CLANG_WARN_UNREACHABLE_CODE = YES;
				CLANG_WARN__DUPLICATE_METHOD_MATCH = YES;
				COPY_PHASE_STRIP = NO;
				DEBUG_INFORMATION_FORMAT = dwarf;
				ENABLE_STRICT_OBJC_MSGSEND = YES;
				ENABLE_TESTABILITY = YES;
				GCC_C_LANGUAGE_STANDARD = gnu11;
				GCC_DYNAMIC_NO_PIC = NO;
				GCC_NO_COMMON_BLOCKS = YES;
				GCC_OPTIMIZATION_LEVEL = 0;
				GCC_PREPROCESSOR_DEFINITIONS = (
					"DEBUG=1",
					"$(inherited)",
				);
				GCC_WARN_64_TO_32_BIT_CONVERSION = YES;
				GCC_WARN_ABOUT_RETURN_TYPE = YES_ERROR;
				GCC_WARN_UNDECLARED_SELECTOR = YES;
				GCC_WARN_UNINITIALIZED_AUTOS = YES_AGGRESSIVE;
				GCC_WARN_UNUSED_FUNCTION = YES;
				GCC_WARN_UNUSED_VARIABLE = YES;
				INFOPLIST_KEY_UIApplicationSceneManifest_Generation = NO;
				IPHONEOS_DEPLOYMENT_TARGET = 16.2;
				MTL_ENABLE_DEBUG_INFO = INCLUDE_SOURCE;
				MTL_FAST_MATH = YES;
				ONLY_ACTIVE_ARCH = YES;
				SDKROOT = iphoneos;
				SWIFT_ACTIVE_COMPILATION_CONDITIONS = DEBUG;
				SWIFT_OPTIMIZATION_LEVEL = "-Onone";
			};
			name = Debug;
		};
		65522BF92980DB5800CC898F /* Release */ = {
			isa = XCBuildConfiguration;
			buildSettings = {
				ALWAYS_SEARCH_USER_PATHS = NO;
				CLANG_ANALYZER_NONNULL = YES;
				CLANG_ANALYZER_NUMBER_OBJECT_CONVERSION = YES_AGGRESSIVE;
				CLANG_CXX_LANGUAGE_STANDARD = "gnu++20";
				CLANG_ENABLE_MODULES = YES;
				CLANG_ENABLE_OBJC_ARC = YES;
				CLANG_ENABLE_OBJC_WEAK = YES;
				CLANG_WARN_BLOCK_CAPTURE_AUTORELEASING = YES;
				CLANG_WARN_BOOL_CONVERSION = YES;
				CLANG_WARN_COMMA = YES;
				CLANG_WARN_CONSTANT_CONVERSION = YES;
				CLANG_WARN_DEPRECATED_OBJC_IMPLEMENTATIONS = YES;
				CLANG_WARN_DIRECT_OBJC_ISA_USAGE = YES_ERROR;
				CLANG_WARN_DOCUMENTATION_COMMENTS = YES;
				CLANG_WARN_EMPTY_BODY = YES;
				CLANG_WARN_ENUM_CONVERSION = YES;
				CLANG_WARN_INFINITE_RECURSION = YES;
				CLANG_WARN_INT_CONVERSION = YES;
				CLANG_WARN_NON_LITERAL_NULL_CONVERSION = YES;
				CLANG_WARN_OBJC_IMPLICIT_RETAIN_SELF = YES;
				CLANG_WARN_OBJC_LITERAL_CONVERSION = YES;
				CLANG_WARN_OBJC_ROOT_CLASS = YES_ERROR;
				CLANG_WARN_QUOTED_INCLUDE_IN_FRAMEWORK_HEADER = YES;
				CLANG_WARN_RANGE_LOOP_ANALYSIS = YES;
				CLANG_WARN_STRICT_PROTOTYPES = YES;
				CLANG_WARN_SUSPICIOUS_MOVE = YES;
				CLANG_WARN_UNGUARDED_AVAILABILITY = YES_AGGRESSIVE;
				CLANG_WARN_UNREACHABLE_CODE = YES;
				CLANG_WARN__DUPLICATE_METHOD_MATCH = YES;
				COPY_PHASE_STRIP = NO;
				DEBUG_INFORMATION_FORMAT = "dwarf-with-dsym";
				ENABLE_NS_ASSERTIONS = NO;
				ENABLE_STRICT_OBJC_MSGSEND = YES;
				GCC_C_LANGUAGE_STANDARD = gnu11;
				GCC_NO_COMMON_BLOCKS = YES;
				GCC_WARN_64_TO_32_BIT_CONVERSION = YES;
				GCC_WARN_ABOUT_RETURN_TYPE = YES_ERROR;
				GCC_WARN_UNDECLARED_SELECTOR = YES;
				GCC_WARN_UNINITIALIZED_AUTOS = YES_AGGRESSIVE;
				GCC_WARN_UNUSED_FUNCTION = YES;
				GCC_WARN_UNUSED_VARIABLE = YES;
				INFOPLIST_KEY_UIApplicationSceneManifest_Generation = NO;
				IPHONEOS_DEPLOYMENT_TARGET = 16.2;
				MTL_ENABLE_DEBUG_INFO = NO;
				MTL_FAST_MATH = YES;
				SDKROOT = iphoneos;
				SWIFT_COMPILATION_MODE = wholemodule;
				SWIFT_OPTIMIZATION_LEVEL = "-O";
				VALIDATE_PRODUCT = YES;
			};
			name = Release;
		};
		65522BFB2980DB5800CC898F /* Debug */ = {
			isa = XCBuildConfiguration;
			buildSettings = {
				ASSETCATALOG_COMPILER_APPICON_NAME = AppIcon;
				ASSETCATALOG_COMPILER_GLOBAL_ACCENT_COLOR_NAME = AccentColor;
				CODE_SIGN_STYLE = Automatic;
				CURRENT_PROJECT_VERSION = 1;
				DEVELOPMENT_ASSET_PATHS = "\"ServiceXchange/Preview Content\"";
				DEVELOPMENT_TEAM = GYVU2SNZW9;
				ENABLE_PREVIEWS = YES;
				GENERATE_INFOPLIST_FILE = YES;
				INFOPLIST_FILE = ServiceXchange/Info.plist;
				INFOPLIST_KEY_CFBundleDisplayName = ServiceXchange;
				INFOPLIST_KEY_LSApplicationCategoryType = "public.app-category.business";
				INFOPLIST_KEY_UIApplicationSupportsIndirectInputEvents = YES;
				INFOPLIST_KEY_UILaunchScreen_Generation = YES;
				INFOPLIST_KEY_UISupportedInterfaceOrientations_iPad = "UIInterfaceOrientationPortrait UIInterfaceOrientationPortraitUpsideDown UIInterfaceOrientationLandscapeLeft UIInterfaceOrientationLandscapeRight";
				INFOPLIST_KEY_UISupportedInterfaceOrientations_iPhone = "UIInterfaceOrientationPortrait UIInterfaceOrientationLandscapeLeft UIInterfaceOrientationLandscapeRight";
				LD_RUNPATH_SEARCH_PATHS = (
					"$(inherited)",
					"@executable_path/Frameworks",
				);
				MARKETING_VERSION = 1.0.1;
				PRODUCT_BUNDLE_IDENTIFIER = com.sxc.ServiceXchange;
				PRODUCT_NAME = "$(TARGET_NAME)";
				SUPPORTED_PLATFORMS = "iphoneos iphonesimulator";
				SUPPORTS_MACCATALYST = NO;
				SUPPORTS_MAC_DESIGNED_FOR_IPHONE_IPAD = NO;
				SWIFT_EMIT_LOC_STRINGS = YES;
				SWIFT_VERSION = 5.0;
				TARGETED_DEVICE_FAMILY = 1;
			};
			name = Debug;
		};
		65522BFC2980DB5800CC898F /* Release */ = {
			isa = XCBuildConfiguration;
			buildSettings = {
				ASSETCATALOG_COMPILER_APPICON_NAME = AppIcon;
				ASSETCATALOG_COMPILER_GLOBAL_ACCENT_COLOR_NAME = AccentColor;
				CODE_SIGN_STYLE = Automatic;
				CURRENT_PROJECT_VERSION = 1;
				DEVELOPMENT_ASSET_PATHS = "\"ServiceXchange/Preview Content\"";
				DEVELOPMENT_TEAM = GYVU2SNZW9;
				ENABLE_PREVIEWS = YES;
				GENERATE_INFOPLIST_FILE = YES;
				INFOPLIST_FILE = ServiceXchange/Info.plist;
				INFOPLIST_KEY_CFBundleDisplayName = ServiceXchange;
				INFOPLIST_KEY_LSApplicationCategoryType = "public.app-category.business";
				INFOPLIST_KEY_UIApplicationSupportsIndirectInputEvents = YES;
				INFOPLIST_KEY_UILaunchScreen_Generation = YES;
				INFOPLIST_KEY_UISupportedInterfaceOrientations_iPad = "UIInterfaceOrientationPortrait UIInterfaceOrientationPortraitUpsideDown UIInterfaceOrientationLandscapeLeft UIInterfaceOrientationLandscapeRight";
				INFOPLIST_KEY_UISupportedInterfaceOrientations_iPhone = "UIInterfaceOrientationPortrait UIInterfaceOrientationLandscapeLeft UIInterfaceOrientationLandscapeRight";
				LD_RUNPATH_SEARCH_PATHS = (
					"$(inherited)",
					"@executable_path/Frameworks",
				);
				MARKETING_VERSION = 1.0.1;
				PRODUCT_BUNDLE_IDENTIFIER = com.sxc.ServiceXchange;
				PRODUCT_NAME = "$(TARGET_NAME)";
				SUPPORTED_PLATFORMS = "iphoneos iphonesimulator";
				SUPPORTS_MACCATALYST = NO;
				SUPPORTS_MAC_DESIGNED_FOR_IPHONE_IPAD = NO;
				SWIFT_EMIT_LOC_STRINGS = YES;
				SWIFT_VERSION = 5.0;
				TARGETED_DEVICE_FAMILY = 1;
			};
			name = Release;
		};
/* End XCBuildConfiguration section */

/* Begin XCConfigurationList section */
		65522BE72980DB5600CC898F /* Build configuration list for PBXProject "ServiceXchange" */ = {
			isa = XCConfigurationList;
			buildConfigurations = (
				65522BF82980DB5800CC898F /* Debug */,
				65522BF92980DB5800CC898F /* Release */,
			);
			defaultConfigurationIsVisible = 0;
			defaultConfigurationName = Release;
		};
		65522BFA2980DB5800CC898F /* Build configuration list for PBXNativeTarget "ServiceXchange" */ = {
			isa = XCConfigurationList;
			buildConfigurations = (
				65522BFB2980DB5800CC898F /* Debug */,
				65522BFC2980DB5800CC898F /* Release */,
			);
			defaultConfigurationIsVisible = 0;
			defaultConfigurationName = Release;
		};
/* End XCConfigurationList section */

/* Begin XCRemoteSwiftPackageReference section */
		65522BFF2980DD3800CC898F /* XCRemoteSwiftPackageReference "firebase-ios-sdk" */ = {
			isa = XCRemoteSwiftPackageReference;
			repositoryURL = "https://github.com/firebase/firebase-ios-sdk";
			requirement = {
				branch = master;
				kind = branch;
			};
		};
		65F932E42991B4E000A63F37 /* XCRemoteSwiftPackageReference "Kingfisher" */ = {
			isa = XCRemoteSwiftPackageReference;
			repositoryURL = "https://github.com/onevcat/Kingfisher.git";
			requirement = {
				branch = master;
				kind = branch;
			};
		};
		65FE2B44298749220077F505 /* XCRemoteSwiftPackageReference "ImageMorphing" */ = {
			isa = XCRemoteSwiftPackageReference;
			repositoryURL = "https://github.com/kodlian/ImageMorphing";
			requirement = {
				kind = upToNextMajorVersion;
				minimumVersion = 1.0.0;
			};
		};
/* End XCRemoteSwiftPackageReference section */

/* Begin XCSwiftPackageProductDependency section */
		65522C002980DD3800CC898F /* FirebaseAnalytics */ = {
			isa = XCSwiftPackageProductDependency;
			package = 65522BFF2980DD3800CC898F /* XCRemoteSwiftPackageReference "firebase-ios-sdk" */;
			productName = FirebaseAnalytics;
		};
		65522C022980DD3800CC898F /* FirebaseAuth */ = {
			isa = XCSwiftPackageProductDependency;
			package = 65522BFF2980DD3800CC898F /* XCRemoteSwiftPackageReference "firebase-ios-sdk" */;
			productName = FirebaseAuth;
		};
		65522C042980DD3800CC898F /* FirebaseDynamicLinks */ = {
			isa = XCSwiftPackageProductDependency;
			package = 65522BFF2980DD3800CC898F /* XCRemoteSwiftPackageReference "firebase-ios-sdk" */;
			productName = FirebaseDynamicLinks;
		};
		65522C062980DD3800CC898F /* FirebaseFirestore */ = {
			isa = XCSwiftPackageProductDependency;
			package = 65522BFF2980DD3800CC898F /* XCRemoteSwiftPackageReference "firebase-ios-sdk" */;
			productName = FirebaseFirestore;
		};
		65522C082980DD3800CC898F /* FirebaseFirestoreSwift */ = {
			isa = XCSwiftPackageProductDependency;
			package = 65522BFF2980DD3800CC898F /* XCRemoteSwiftPackageReference "firebase-ios-sdk" */;
			productName = FirebaseFirestoreSwift;
		};
		65522C0A2980DD3800CC898F /* FirebaseMessaging */ = {
			isa = XCSwiftPackageProductDependency;
			package = 65522BFF2980DD3800CC898F /* XCRemoteSwiftPackageReference "firebase-ios-sdk" */;
			productName = FirebaseMessaging;
		};
		65F932E52991B4E100A63F37 /* Kingfisher */ = {
			isa = XCSwiftPackageProductDependency;
			package = 65F932E42991B4E000A63F37 /* XCRemoteSwiftPackageReference "Kingfisher" */;
			productName = Kingfisher;
		};
		65FE2B45298749220077F505 /* ImageMorphing */ = {
			isa = XCSwiftPackageProductDependency;
			package = 65FE2B44298749220077F505 /* XCRemoteSwiftPackageReference "ImageMorphing" */;
			productName = ImageMorphing;
		};
		DF96D062298C22C4009C80BB /* FirebaseStorage */ = {
			isa = XCSwiftPackageProductDependency;
			package = 65522BFF2980DD3800CC898F /* XCRemoteSwiftPackageReference "firebase-ios-sdk" */;
			productName = FirebaseStorage;
		};
/* End XCSwiftPackageProductDependency section */
	};
	rootObject = 65522BE42980DB5600CC898F /* Project object */;
}
